
Microsoft Visual Studio Solution File, Format Version 12.00
# Visual Studio Version 17
VisualStudioVersion = 17.3.32901.215
MinimumVisualStudioVersion = 10.0.40219.1
Project("{9A19103F-16F7-4668-BE54-9A1E7A4F7556}") = "tl2-tp2-2022-nico89h", "tl2-tp2-2022-nico89h.csproj", "{C6F2F69B-A30B-49E2-A05C-1F61F9399CF1}"
EndProject
Global
	GlobalSection(SolutionConfigurationPlatforms) = preSolution
		Debug|Any CPU = Debug|Any CPU
		Release|Any CPU = Release|Any CPU
	EndGlobalSection
	GlobalSection(ProjectConfigurationPlatforms) = postSolution
		{C6F2F69B-A30B-49E2-A05C-1F61F9399CF1}.Debug|Any CPU.ActiveCfg = Debug|Any CPU
		{C6F2F69B-A30B-49E2-A05C-1F61F9399CF1}.Debug|Any CPU.Build.0 = Debug|Any CPU
		{C6F2F69B-A30B-49E2-A05C-1F61F9399CF1}.Release|Any CPU.ActiveCfg = Release|Any CPU
		{C6F2F69B-A30B-49E2-A05C-1F61F9399CF1}.Release|Any CPU.Build.0 = Release|Any CPU
	EndGlobalSection
	GlobalSection(SolutionProperties) = preSolution
		HideSolutionNode = FALSE
	EndGlobalSection
	GlobalSection(ExtensibilityGlobals) = postSolution
		SolutionGuid = {4B06C5E0-87BF-4A21-8310-884A8B164A01}
	EndGlobalSection
EndGlobal
